PODS:
  - AWSCore (2.34.2)
  - AWSSQS (2.34.2):
    - AWSCore (= 2.34.2)
  - FairmaticSDK (2.0.3):
    - FairmaticSDK/Standard (= 2.0.3)
  - FairmaticSDK/Standard (2.0.3):
    - AWSCore (~> 2.34.2)
    - AWSSQS (~> 2.34.2)
  - MBProgressHUD (1.2.0)

DEPENDENCIES:
  - FairmaticSDK (from `https://github.com/fairmatic/fairmatic-cocoapods`, tag `2.0.3`)
  - MBProgressHUD (= 1.2.0)

SPEC REPOS:
  trunk:
    - AWSCore
    - AWSSQS
    - MBProgressHUD

EXTERNAL SOURCES:
  FairmaticSDK:
    :git: https://github.com/fairmatic/fairmatic-cocoapods
    :tag: 2.0.3

CHECKOUT OPTIONS:
  FairmaticSDK:
    :git: https://github.com/fairmatic/fairmatic-cocoapods
    :tag: 2.0.3

SPEC CHECKSUMS:
  AWSCore: 13649d9063a6807ec37bde35c8f2da329d63d4e2
  AWSSQS: 83192c91ef1dc8682cec17e83d6dcc7380715dd0
  FairmaticSDK: 98035b77870b136a427ff68ec0bcd93c7d3615bf
  MBProgressHUD: 3ee5efcc380f6a79a7cc9b363dd669c5e1ae7406

PODFILE CHECKSUM: 4de2c611b3dde353fe407e23f293868f505a12e9

COCOAPODS: 1.15.2
