PODS:
  - AWSCore (2.34.2)
  - AWSSQS (2.34.2):
    - AWSCore (= 2.34.2)
  - DriveKitBeaconUtils (2.17.0):
    - DriveKitCore (= 2.17.0)
  - DriveKitCore (2.17.0):
    - DriveKitNetworking (= 2.17.0)
  - DriveKitDBTripAccess (2.17.0):
    - DriveKitCore (= 2.17.0)
  - DriveKitDBVehicleAccess (2.17.0):
    - DriveKitBeaconUtils (= 2.17.0)
    - DriveKitCore (= 2.17.0)
  - DriveKitNetworking (2.17.0)
  - DriveKitTripAnalysis (2.17.0):
    - DriveKitBeaconUtils (= 2.17.0)
    - DriveKitCore (= 2.17.0)
    - DriveKitDBTripAccess (= 2.17.0)
    - DriveKitDBVehicleAccess (= 2.17.0)
  - FairmaticSDK (3.1.0):
    - FairmaticSDK/Standard (= 3.1.0)
  - FairmaticSDK/Standard (3.1.0):
    - AWSCore (~> 2.34.2)
    - AWSSQS (~> 2.34.2)
    - DriveKitTripAnalysis (= 2.17.0)
  - MBProgressHUD (1.2.0)

DEPENDENCIES:
  - FairmaticSDK (from `https://github.com/fairmatic/fairmatic-cocoapods`, tag `3.1.0`)
  - MBProgressHUD (= 1.2.0)

SPEC REPOS:
  trunk:
    - AWSCore
    - AWSSQS
    - DriveKitBeaconUtils
    - DriveKitCore
    - DriveKitDBTripAccess
    - DriveKitDBVehicleAccess
    - DriveKitNetworking
    - DriveKitTripAnalysis
    - MBProgressHUD

EXTERNAL SOURCES:
  FairmaticSDK:
    :git: https://github.com/fairmatic/fairmatic-cocoapods
    :tag: 3.1.0

CHECKOUT OPTIONS:
  FairmaticSDK:
    :git: https://github.com/fairmatic/fairmatic-cocoapods
    :tag: 3.1.0

SPEC CHECKSUMS:
  AWSCore: 13649d9063a6807ec37bde35c8f2da329d63d4e2
  AWSSQS: 83192c91ef1dc8682cec17e83d6dcc7380715dd0
  DriveKitBeaconUtils: baf0da8765f21f73aa0a82ce060b43a8b2851182
  DriveKitCore: 50e4dffbcbf8509e520bf2e52fa136988dc7c3bb
  DriveKitDBTripAccess: 235580630d86086533fb9ec117a1a9090efc3f1d
  DriveKitDBVehicleAccess: 33931bdb52f2ea52877f9f70eb9784836b4ee349
  DriveKitNetworking: f925effdd45bb01c03a2df51a541260083c9df33
  DriveKitTripAnalysis: cf8feacbbfba539c940df5be2cd87d9ddcb53889
  FairmaticSDK: 9c9d5059b8812d11d1dd37e20e18312bbd6ddc05
  MBProgressHUD: 3ee5efcc380f6a79a7cc9b363dd669c5e1ae7406

PODFILE CHECKSUM: 5d17434558a3b19a4d0a7d999d9eea0dfd567d2b

COCOAPODS: 1.15.2
