{
  "originHash" : "99774d3858ea6a318f6aa267d5f954fcb04c730582893aeb24d5942ffb3a81f9",
  "pins" : [
    {
      "identity" : "aws-sdk-ios-spm",
      "kind" : "remoteSourceControl",
      "location" : "https://github.com/aws-amplify/aws-sdk-ios-spm.git",
      "state" : {
        "revision" : "8ff8bebfe24271f7b16c5abaeb78daf82bee3a80",
        "version" : "2.34.2"
      }
    },
    {
      "identity" : "fairmatic-sdk-spm",
      "kind" : "remoteSourceControl",
      "location" : "https://github.com/fairmatic/fairmatic-sdk-spm",
      "state" : {
        "revision" : "4185a349cffdf41c9871cdd412f26e31d22bc534",
        "version" : "3.0.1"
      }
    },
    {
      "identity" : "mbprogresshud",
      "kind" : "remoteSourceControl",
      "location" : "https://github.com/jdg/MBProgressHUD",
      "state" : {
        "revision" : "bca42b801100b2b3a4eda0ba8dd33d858c780b0d",
        "version" : "1.2.0"
      }
    }
  ],
  "version" : 3
}
