{
  "originHash" : "852923f7b6fc6a2dcf89bbe72d62f7e7a2aced61daba8837bee2482355c5d847",
  "pins" : [
    {
      "identity" : "aws-sdk-ios-spm",
      "kind" : "remoteSourceControl",
      "location" : "https://github.com/aws-amplify/aws-sdk-ios-spm.git",
      "state" : {
        "revision" : "8ff8bebfe24271f7b16c5abaeb78daf82bee3a80",
        "version" : "2.34.2"
      }
    },
    {
      "identity" : "fairmatic-sdk-spm",
      "kind" : "remoteSourceControl",
      "location" : "https://github.com/fairmatic/fairmatic-sdk-spm.git",
      "state" : {
        "revision" : "394c7adf2f8c2d5532158e94613ab5735a74fd00",
        "version" : "2.1.0"
      }
    },
    {
      "identity" : "mbprogresshud",
      "kind" : "remoteSourceControl",
      "location" : "https://github.com/jdg/MBProgressHUD",
      "state" : {
        "revision" : "bca42b801100b2b3a4eda0ba8dd33d858c780b0d",
        "version" : "1.2.0"
      }
    }
  ],
  "version" : 3
}
